
Microsoft Visual Studio Solution File, Format Version 12.00
# Visual Studio Version 17
VisualStudioVersion = 17.1.32421.90
MinimumVisualStudioVersion = 10.0.40219.1
Project("{FAE04EC0-301F-11D3-BF4B-00C04F79EFBC}") = "UrnaApi", "UrnaApi.csproj", "{0C2EF054-00C9-482D-BB00-B728210F5D03}"
EndProject
Global
	GlobalSection(SolutionConfigurationPlatforms) = preSolution
		Debug|Any CPU = Debug|Any CPU
		Release|Any CPU = Release|Any CPU
	EndGlobalSection
	GlobalSection(ProjectConfigurationPlatforms) = postSolution
		{0C2EF054-00C9-482D-BB00-B728210F5D03}.Debug|Any CPU.ActiveCfg = Debug|Any CPU
		{0C2EF054-00C9-482D-BB00-B728210F5D03}.Debug|Any CPU.Build.0 = Debug|Any CPU
		{0C2EF054-00C9-482D-BB00-B728210F5D03}.Release|Any CPU.ActiveCfg = Release|Any CPU
		{0C2EF054-00C9-482D-BB00-B728210F5D03}.Release|Any CPU.Build.0 = Release|Any CPU
	EndGlobalSection
	GlobalSection(SolutionProperties) = preSolution
		HideSolutionNode = FALSE
	EndGlobalSection
	GlobalSection(ExtensibilityGlobals) = postSolution
		SolutionGuid = {675DB659-40CF-476F-8058-E8B26468B368}
	EndGlobalSection
EndGlobal
